
Microsoft Visual Studio Solution File, Format Version 12.00
# Visual Studio Version 16
VisualStudioVersion = 16.0.30225.117
MinimumVisualStudioVersion = 10.0.40219.1
Project("{FAE04EC0-301F-11D3-BF4B-00C04F79EFBC}") = "DockerTest", "DockerTest\DockerTest.csproj", "{2D0102AD-F5FD-4031-801F-9425074379CD}"
EndProject
Global
	GlobalSection(SolutionConfigurationPlatforms) = preSolution
		Debug|Any CPU = Debug|Any CPU
		Release|Any CPU = Release|Any CPU
	EndGlobalSection
	GlobalSection(ProjectConfigurationPlatforms) = postSolution
		{2D0102AD-F5FD-4031-801F-9425074379CD}.Debug|Any CPU.ActiveCfg = Debug|Any CPU
		{2D0102AD-F5FD-4031-801F-9425074379CD}.Debug|Any CPU.Build.0 = Debug|Any CPU
		{2D0102AD-F5FD-4031-801F-9425074379CD}.Release|Any CPU.ActiveCfg = Release|Any CPU
		{2D0102AD-F5FD-4031-801F-9425074379CD}.Release|Any CPU.Build.0 = Release|Any CPU
	EndGlobalSection
	GlobalSection(SolutionProperties) = preSolution
		HideSolutionNode = FALSE
	EndGlobalSection
	GlobalSection(ExtensibilityGlobals) = postSolution
		SolutionGuid = {2BBD7C35-D7DA-4A61-8FC8-09E32FA56FF8}
	EndGlobalSection
EndGlobal
